PODS:
  - Masonry (1.1.0)
  - XBLayoutKit (0.0.1):
    - Masonry

DEPENDENCIES:
  - Masonry
  - XBLayoutKit (from `../`)

SPEC REPOS:
  https://github.com/cocoapods/specs.git:
    - Masonry

EXTERNAL SOURCES:
  XBLayoutKit:
    :path: "../"

SPEC CHECKSUMS:
  Masonry: 678fab65091a9290e40e2832a55e7ab731aad201
  XBLayoutKit: 8edc1d5473d7aa3531927217d06b3626e4872d04

PODFILE CHECKSUM: 75239304556131c0bc7ae9d9e1e3e9f69b3eb0e9

COCOAPODS: 1.5.3
